
Microsoft Visual Studio Solution File, Format Version 12.00
# Visual Studio Version 17
VisualStudioVersion = 17.8.34525.116
MinimumVisualStudioVersion = 10.0.40219.1
Project("{9A19103F-16F7-4668-BE54-9A1E7A4F7556}") = "MarnaAPI", "MarnaAPI\MarnaAPI.csproj", "{DBB03E62-3D73-4F5B-A721-DA22B0BA52B7}"
EndProject
Project("{FAE04EC0-301F-11D3-BF4B-00C04F79EFBC}") = "MarnaDomain", "MarnaDomain\MarnaDomain.csproj", "{28AC803E-CB38-4A80-91A7-291B9FC7B282}"
EndProject
Project("{FAE04EC0-301F-11D3-BF4B-00C04F79EFBC}") = "MarnaApplication", "MarnaApplication\MarnaApplication.csproj", "{0C691919-C45E-4747-8725-C486B49715D0}"
EndProject
Global
	GlobalSection(SolutionConfigurationPlatforms) = preSolution
		Debug|Any CPU = Debug|Any CPU
		Release|Any CPU = Release|Any CPU
	EndGlobalSection
	GlobalSection(ProjectConfigurationPlatforms) = postSolution
		{DBB03E62-3D73-4F5B-A721-DA22B0BA52B7}.Debug|Any CPU.ActiveCfg = Debug|Any CPU
		{DBB03E62-3D73-4F5B-A721-DA22B0BA52B7}.Debug|Any CPU.Build.0 = Debug|Any CPU
		{DBB03E62-3D73-4F5B-A721-DA22B0BA52B7}.Release|Any CPU.ActiveCfg = Release|Any CPU
		{DBB03E62-3D73-4F5B-A721-DA22B0BA52B7}.Release|Any CPU.Build.0 = Release|Any CPU
		{28AC803E-CB38-4A80-91A7-291B9FC7B282}.Debug|Any CPU.ActiveCfg = Debug|Any CPU
		{28AC803E-CB38-4A80-91A7-291B9FC7B282}.Debug|Any CPU.Build.0 = Debug|Any CPU
		{28AC803E-CB38-4A80-91A7-291B9FC7B282}.Release|Any CPU.ActiveCfg = Release|Any CPU
		{28AC803E-CB38-4A80-91A7-291B9FC7B282}.Release|Any CPU.Build.0 = Release|Any CPU
		{0C691919-C45E-4747-8725-C486B49715D0}.Debug|Any CPU.ActiveCfg = Debug|Any CPU
		{0C691919-C45E-4747-8725-C486B49715D0}.Debug|Any CPU.Build.0 = Debug|Any CPU
		{0C691919-C45E-4747-8725-C486B49715D0}.Release|Any CPU.ActiveCfg = Release|Any CPU
		{0C691919-C45E-4747-8725-C486B49715D0}.Release|Any CPU.Build.0 = Release|Any CPU
	EndGlobalSection
	GlobalSection(SolutionProperties) = preSolution
		HideSolutionNode = FALSE
	EndGlobalSection
	GlobalSection(ExtensibilityGlobals) = postSolution
		SolutionGuid = {AF948070-A61F-4961-A19E-295671AC63A1}
	EndGlobalSection
EndGlobal
